
Microsoft Visual Studio Solution File, Format Version 12.00
# Visual Studio 14
VisualStudioVersion = 14.0.25420.1
MinimumVisualStudioVersion = 10.0.40219.1
Project("{2150E333-8FDC-42A3-9474-1A3956D46DE8}") = "src", "src", "{86BAD0D7-96A3-47BB-A7F3-394084C3C438}"
EndProject
Project("{2150E333-8FDC-42A3-9474-1A3956D46DE8}") = "Solution Items", "Solution Items", "{71D8EC2E-6AA3-496D-B67C-F71657E56DB3}"
	ProjectSection(SolutionItems) = preProject
		global.json = global.json
	EndProjectSection
EndProject
Project("{8BB2217D-0F2D-49D1-97BC-3654ED321F3B}") = "Web", "src\Web\Web.xproj", "{46AB8D7E-F926-4516-A151-9E1ABE4541D5}"
EndProject
Global
	GlobalSection(SolutionConfigurationPlatforms) = preSolution
		Debug|Any CPU = Debug|Any CPU
		Release|Any CPU = Release|Any CPU
	EndGlobalSection
	GlobalSection(ProjectConfigurationPlatforms) = postSolution
		{46AB8D7E-F926-4516-A151-9E1ABE4541D5}.Debug|Any CPU.ActiveCfg = Debug|Any CPU
		{46AB8D7E-F926-4516-A151-9E1ABE4541D5}.Debug|Any CPU.Build.0 = Debug|Any CPU
		{46AB8D7E-F926-4516-A151-9E1ABE4541D5}.Release|Any CPU.ActiveCfg = Release|Any CPU
		{46AB8D7E-F926-4516-A151-9E1ABE4541D5}.Release|Any CPU.Build.0 = Release|Any CPU
	EndGlobalSection
	GlobalSection(SolutionProperties) = preSolution
		HideSolutionNode = FALSE
	EndGlobalSection
	GlobalSection(NestedProjects) = preSolution
		{46AB8D7E-F926-4516-A151-9E1ABE4541D5} = {86BAD0D7-96A3-47BB-A7F3-394084C3C438}
	EndGlobalSection
EndGlobal
